
Microsoft Visual Studio Solution File, Format Version 12.00
# Visual Studio Version 17
VisualStudioVersion = 17.9.34622.214
MinimumVisualStudioVersion = 10.0.40219.1
Project("{C9674DCB-5085-4A16-B785-4C70DD1589BD}") = "TransactionDWHETL", "TransactionDWHETL\TransactionDWHETL.dtproj", "{980823F0-261E-459C-93FF-66DA71A39D9E}"
EndProject
Global
	GlobalSection(SolutionConfigurationPlatforms) = preSolution
		Development|Default = Development|Default
	EndGlobalSection
	GlobalSection(ProjectConfigurationPlatforms) = postSolution
		{980823F0-261E-459C-93FF-66DA71A39D9E}.Development|Default.ActiveCfg = Development
		{980823F0-261E-459C-93FF-66DA71A39D9E}.Development|Default.Build.0 = Development
	EndGlobalSection
	GlobalSection(SolutionProperties) = preSolution
		HideSolutionNode = FALSE
	EndGlobalSection
	GlobalSection(ExtensibilityGlobals) = postSolution
		SolutionGuid = {11ACA418-274F-48AA-9B61-A9535A32BAEE}
	EndGlobalSection
EndGlobal
